
Microsoft Visual Studio Solution File, Format Version 12.00
# Visual Studio Version 16
VisualStudioVersion = 16.0.31424.327
MinimumVisualStudioVersion = 10.0.40219.1
Project("{FAE04EC0-301F-11D3-BF4B-00C04F79EFBC}") = "Calulator", "Calulator.csproj", "{3B7E1DA4-A8D7-4AB5-8E35-2F51E5FE7384}"
EndProject
Global
	GlobalSection(SolutionConfigurationPlatforms) = preSolution
		Debug|Any CPU = Debug|Any CPU
		Release|Any CPU = Release|Any CPU
	EndGlobalSection
	GlobalSection(ProjectConfigurationPlatforms) = postSolution
		{3B7E1DA4-A8D7-4AB5-8E35-2F51E5FE7384}.Debug|Any CPU.ActiveCfg = Debug|Any CPU
		{3B7E1DA4-A8D7-4AB5-8E35-2F51E5FE7384}.Debug|Any CPU.Build.0 = Debug|Any CPU
		{3B7E1DA4-A8D7-4AB5-8E35-2F51E5FE7384}.Release|Any CPU.ActiveCfg = Release|Any CPU
		{3B7E1DA4-A8D7-4AB5-8E35-2F51E5FE7384}.Release|Any CPU.Build.0 = Release|Any CPU
	EndGlobalSection
	GlobalSection(SolutionProperties) = preSolution
		HideSolutionNode = FALSE
	EndGlobalSection
	GlobalSection(ExtensibilityGlobals) = postSolution
		SolutionGuid = {13747DB4-D370-469C-9442-E3D34F748C32}
	EndGlobalSection
EndGlobal
